
Microsoft Visual Studio Solution File, Format Version 12.00
# Visual Studio Version 17
VisualStudioVersion = 17.14.36429.23 d17.14
MinimumVisualStudioVersion = 10.0.40219.1
Project("{FAE04EC0-301F-11D3-BF4B-00C04F79EFBC}") = "lab1_2_csharp", "lab1_2_csharp\lab1_2_csharp.csproj", "{A444C8C4-E384-4BE5-A943-4271BDDDB2C9}"
EndProject
Global
	GlobalSection(SolutionConfigurationPlatforms) = preSolution
		Debug|Any CPU = Debug|Any CPU
		Release|Any CPU = Release|Any CPU
	EndGlobalSection
	GlobalSection(ProjectConfigurationPlatforms) = postSolution
		{A444C8C4-E384-4BE5-A943-4271BDDDB2C9}.Debug|Any CPU.ActiveCfg = Debug|Any CPU
		{A444C8C4-E384-4BE5-A943-4271BDDDB2C9}.Debug|Any CPU.Build.0 = Debug|Any CPU
		{A444C8C4-E384-4BE5-A943-4271BDDDB2C9}.Release|Any CPU.ActiveCfg = Release|Any CPU
		{A444C8C4-E384-4BE5-A943-4271BDDDB2C9}.Release|Any CPU.Build.0 = Release|Any CPU
	EndGlobalSection
	GlobalSection(SolutionProperties) = preSolution
		HideSolutionNode = FALSE
	EndGlobalSection
	GlobalSection(ExtensibilityGlobals) = postSolution
		SolutionGuid = {09B739B7-455F-49B8-85AA-D0FF51FBAB13}
	EndGlobalSection
EndGlobal
